
Microsoft Visual Studio Solution File, Format Version 11.00
# Visual Studio 2010
# SharpDevelop 5.1
Project("{FAE04EC0-301F-11D3-BF4B-00C04F79EFBC}") = "Questão A", "Questão A\Questão A.csproj", "{66F86B37-7A9A-4FF8-BED2-4D0267A273DE}"
EndProject
Global
	GlobalSection(SolutionConfigurationPlatforms) = preSolution
		Debug|Any CPU = Debug|Any CPU
		Release|Any CPU = Release|Any CPU
	EndGlobalSection
	GlobalSection(ProjectConfigurationPlatforms) = postSolution
		{66F86B37-7A9A-4FF8-BED2-4D0267A273DE}.Debug|Any CPU.ActiveCfg = Debug|Any CPU
		{66F86B37-7A9A-4FF8-BED2-4D0267A273DE}.Debug|Any CPU.Build.0 = Debug|Any CPU
		{66F86B37-7A9A-4FF8-BED2-4D0267A273DE}.Release|Any CPU.ActiveCfg = Release|Any CPU
		{66F86B37-7A9A-4FF8-BED2-4D0267A273DE}.Release|Any CPU.Build.0 = Release|Any CPU
	EndGlobalSection
EndGlobal
